// !$*UTF8*$!
{
	archiveVersion = 1;
	classes = {
	};
	objectVersion = 50;
	objects = {

/* Begin PBXBuildFile section */
		D06B0CF62533A1890090AA23 /* AppDelegate.swift in Sources */ = {isa = PBXBuildFile; fileRef = D06B0CF52533A1890090AA23 /* AppDelegate.swift */; };
		D06B0CF82533A1890090AA23 /* SceneDelegate.swift in Sources */ = {isa = PBXBuildFile; fileRef = D06B0CF72533A1890090AA23 /* SceneDelegate.swift */; };
		D06B0CFA2533A1890090AA23 /* ViewController.swift in Sources */ = {isa = PBXBuildFile; fileRef = D06B0CF92533A1890090AA23 /* ViewController.swift */; };
		D06B0CFD2533A1890090AA23 /* Main.storyboard in Resources */ = {isa = PBXBuildFile; fileRef = D06B0CFB2533A1890090AA23 /* Main.storyboard */; };
		D06B0CFF2533A18B0090AA23 /* Assets.xcassets in Resources */ = {isa = PBXBuildFile; fileRef = D06B0CFE2533A18B0090AA23 /* Assets.xcassets */; };
		D06B0D022533A18B0090AA23 /* LaunchScreen.storyboard in Resources */ = {isa = PBXBuildFile; fileRef = D06B0D002533A18B0090AA23 /* LaunchScreen.storyboard */; };
		D06B0D0D2533A18C0090AA23 /* ElenaTests.swift in Sources */ = {isa = PBXBuildFile; fileRef = D06B0D0C2533A18C0090AA23 /* ElenaTests.swift */; };
		D06B0D182533A18C0090AA23 /* ElenaUITests.swift in Sources */ = {isa = PBXBuildFile; fileRef = D06B0D172533A18C0090AA23 /* ElenaUITests.swift */; };
/* End PBXBuildFile section */

/* Begin PBXContainerItemProxy section */
		D06B0D092533A18C0090AA23 /* PBXContainerItemProxy */ = {
			isa = PBXContainerItemProxy;
			containerPortal = D06B0CEA2533A1890090AA23 /* Project object */;
			proxyType = 1;
			remoteGlobalIDString = D06B0CF12533A1890090AA23;
			remoteInfo = Elena;
		};
		D06B0D142533A18C0090AA23 /* PBXContainerItemProxy */ = {
			isa = PBXContainerItemProxy;
			containerPortal = D06B0CEA2533A1890090AA23 /* Project object */;
			proxyType = 1;
			remoteGlobalIDString = D06B0CF12533A1890090AA23;
			remoteInfo = Elena;
		};
/* End PBXContainerItemProxy section */

/* Begin PBXFileReference section */
		D06B0CF22533A1890090AA23 /* Elena.app */ = {isa = PBXFileReference; explicitFileType = wrapper.application; includeInIndex = 0; path = Elena.app; sourceTree = BUILT_PRODUCTS_DIR; };
		D06B0CF52533A1890090AA23 /* AppDelegate.swift */ = {isa = PBXFileReference; lastKnownFileType = sourcecode.swift; path = AppDelegate.swift; sourceTree = "<group>"; };
		D06B0CF72533A1890090AA23 /* SceneDelegate.swift */ = {isa = PBXFileReference; lastKnownFileType = sourcecode.swift; path = SceneDelegate.swift; sourceTree = "<group>"; };
		D06B0CF92533A1890090AA23 /* ViewController.swift */ = {isa = PBXFileReference; lastKnownFileType = sourcecode.swift; path = ViewController.swift; sourceTree = "<group>"; };
		D06B0CFC2533A1890090AA23 /* Base */ = {isa = PBXFileReference; lastKnownFileType = file.storyboard; name = Base; path = Base.lproj/Main.storyboard; sourceTree = "<group>"; };
		D06B0CFE2533A18B0090AA23 /* Assets.xcassets */ = {isa = PBXFileReference; lastKnownFileType = folder.assetcatalog; path = Assets.xcassets; sourceTree = "<group>"; };
		D06B0D012533A18B0090AA23 /* Base */ = {isa = PBXFileReference; lastKnownFileType = file.storyboard; name = Base; path = Base.lproj/LaunchScreen.storyboard; sourceTree = "<group>"; };
		D06B0D032533A18B0090AA23 /* Info.plist */ = {isa = PBXFileReference; lastKnownFileType = text.plist.xml; path = Info.plist; sourceTree = "<group>"; };
		D06B0D082533A18C0090AA23 /* ElenaTests.xctest */ = {isa = PBXFileReference; explicitFileType = wrapper.cfbundle; includeInIndex = 0; path = ElenaTests.xctest; sourceTree = BUILT_PRODUCTS_DIR; };
		D06B0D0C2533A18C0090AA23 /* ElenaTests.swift */ = {isa = PBXFileReference; lastKnownFileType = sourcecode.swift; path = ElenaTests.swift; sourceTree = "<group>"; };
		D06B0D0E2533A18C0090AA23 /* Info.plist */ = {isa = PBXFileReference; lastKnownFileType = text.plist.xml; path = Info.plist; sourceTree = "<group>"; };
		D06B0D132533A18C0090AA23 /* ElenaUITests.xctest */ = {isa = PBXFileReference; explicitFileType = wrapper.cfbundle; includeInIndex = 0; path = ElenaUITests.xctest; sourceTree = BUILT_PRODUCTS_DIR; };
		D06B0D172533A18C0090AA23 /* ElenaUITests.swift */ = {isa = PBXFileReference; lastKnownFileType = sourcecode.swift; path = ElenaUITests.swift; sourceTree = "<group>"; };
		D06B0D192533A18C0090AA23 /* Info.plist */ = {isa = PBXFileReference; lastKnownFileType = text.plist.xml; path = Info.plist; sourceTree = "<group>"; };
/* End PBXFileReference section */

/* Begin PBXFrameworksBuildPhase section */
		D06B0CEF2533A1890090AA23 /* Frameworks */ = {
			isa = PBXFrameworksBuildPhase;
			buildActionMask = 2147483647;
			files = (
			);
			runOnlyForDeploymentPostprocessing = 0;
		};
		D06B0D052533A18C0090AA23 /* Frameworks */ = {
			isa = PBXFrameworksBuildPhase;
			buildActionMask = 2147483647;
			files = (
			);
			runOnlyForDeploymentPostprocessing = 0;
		};
		D06B0D102533A18C0090AA23 /* Frameworks */ = {
			isa = PBXFrameworksBuildPhase;
			buildActionMask = 2147483647;
			files = (
			);
			runOnlyForDeploymentPostprocessing = 0;
		};
/* End PBXFrameworksBuildPhase section */

/* Begin PBXGroup section */
		D06B0CE92533A1890090AA23 = {
			isa = PBXGroup;
			children = (
				D06B0CF42533A1890090AA23 /* Elena */,
				D06B0D0B2533A18C0090AA23 /* ElenaTests */,
				D06B0D162533A18C0090AA23 /* ElenaUITests */,
				D06B0CF32533A1890090AA23 /* Products */,
			);
			sourceTree = "<group>";
		};
		D06B0CF32533A1890090AA23 /* Products */ = {
			isa = PBXGroup;
			children = (
				D06B0CF22533A1890090AA23 /* Elena.app */,
				D06B0D082533A18C0090AA23 /* ElenaTests.xctest */,
				D06B0D132533A18C0090AA23 /* ElenaUITests.xctest */,
			);
			name = Products;
			sourceTree = "<group>";
		};
		D06B0CF42533A1890090AA23 /* Elena */ = {
			isa = PBXGroup;
			children = (
				D06B0CF52533A1890090AA23 /* AppDelegate.swift */,
				D06B0CF72533A1890090AA23 /* SceneDelegate.swift */,
				D06B0CF92533A1890090AA23 /* ViewController.swift */,
				D06B0CFB2533A1890090AA23 /* Main.storyboard */,
				D06B0CFE2533A18B0090AA23 /* Assets.xcassets */,
				D06B0D002533A18B0090AA23 /* LaunchScreen.storyboard */,
				D06B0D032533A18B0090AA23 /* Info.plist */,
			);
			path = Elena;
			sourceTree = "<group>";
		};
		D06B0D0B2533A18C0090AA23 /* ElenaTests */ = {
			isa = PBXGroup;
			children = (
				D06B0D0C2533A18C0090AA23 /* ElenaTests.swift */,
				D06B0D0E2533A18C0090AA23 /* Info.plist */,
			);
			path = ElenaTests;
			sourceTree = "<group>";
		};
		D06B0D162533A18C0090AA23 /* ElenaUITests */ = {
			isa = PBXGroup;
			children = (
				D06B0D172533A18C0090AA23 /* ElenaUITests.swift */,
				D06B0D192533A18C0090AA23 /* Info.plist */,
			);
			path = ElenaUITests;
			sourceTree = "<group>";
		};
/* End PBXGroup section */

/* Begin PBXNativeTarget section */
		D06B0CF12533A1890090AA23 /* Elena */ = {
			isa = PBXNativeTarget;
			buildConfigurationList = D06B0D1C2533A18C0090AA23 /* Build configuration list for PBXNativeTarget "Elena" */;
			buildPhases = (
				D06B0CEE2533A1890090AA23 /* Sources */,
				D06B0CEF2533A1890090AA23 /* Frameworks */,
				D06B0CF02533A1890090AA23 /* Resources */,
			);
			buildRules = (
			);
			dependencies = (
			);
			name = Elena;
			productName = Elena;
			productReference = D06B0CF22533A1890090AA23 /* Elena.app */;
			productType = "com.apple.product-type.application";
		};
		D06B0D072533A18C0090AA23 /* ElenaTests */ = {
			isa = PBXNativeTarget;
			buildConfigurationList = D06B0D1F2533A18C0090AA23 /* Build configuration list for PBXNativeTarget "ElenaTests" */;
			buildPhases = (
				D06B0D042533A18C0090AA23 /* Sources */,
				D06B0D052533A18C0090AA23 /* Frameworks */,
				D06B0D062533A18C0090AA23 /* Resources */,
			);
			buildRules = (
			);
			dependencies = (
				D06B0D0A2533A18C0090AA23 /* PBXTargetDependency */,
			);
			name = ElenaTests;
			productName = ElenaTests;
			productReference = D06B0D082533A18C0090AA23 /* ElenaTests.xctest */;
			productType = "com.apple.product-type.bundle.unit-test";
		};
		D06B0D122533A18C0090AA23 /* ElenaUITests */ = {
			isa = PBXNativeTarget;
			buildConfigurationList = D06B0D222533A18C0090AA23 /* Build configuration list for PBXNativeTarget "ElenaUITests" */;
			buildPhases = (
				D06B0D0F2533A18C0090AA23 /* Sources */,
				D06B0D102533A18C0090AA23 /* Frameworks */,
				D06B0D112533A18C0090AA23 /* Resources */,
			);
			buildRules = (
			);
			dependencies = (
				D06B0D152533A18C0090AA23 /* PBXTargetDependency */,
			);
			name = ElenaUITests;
			productName = ElenaUITests;
			productReference = D06B0D132533A18C0090AA23 /* ElenaUITests.xctest */;
			productType = "com.apple.product-type.bundle.ui-testing";
		};
/* End PBXNativeTarget section */

/* Begin PBXProject section */
		D06B0CEA2533A1890090AA23 /* Project object */ = {
			isa = PBXProject;
			attributes = {
				LastSwiftUpdateCheck = 1200;
				LastUpgradeCheck = 1200;
				TargetAttributes = {
					D06B0CF12533A1890090AA23 = {
						CreatedOnToolsVersion = 12.0.1;
					};
					D06B0D072533A18C0090AA23 = {
						CreatedOnToolsVersion = 12.0.1;
						TestTargetID = D06B0CF12533A1890090AA23;
					};
					D06B0D122533A18C0090AA23 = {
						CreatedOnToolsVersion = 12.0.1;
						TestTargetID = D06B0CF12533A1890090AA23;
					};
				};
			};
			buildConfigurationList = D06B0CED2533A1890090AA23 /* Build configuration list for PBXProject "Elena" */;
			compatibilityVersion = "Xcode 9.3";
			developmentRegion = en;
			hasScannedForEncodings = 0;
			knownRegions = (
				en,
				Base,
			);
			mainGroup = D06B0CE92533A1890090AA23;
			productRefGroup = D06B0CF32533A1890090AA23 /* Products */;
			projectDirPath = "";
			projectRoot = "";
			targets = (
				D06B0CF12533A1890090AA23 /* Elena */,
				D06B0D072533A18C0090AA23 /* ElenaTests */,
				D06B0D122533A18C0090AA23 /* ElenaUITests */,
			);
		};
/* End PBXProject section */

/* Begin PBXResourcesBuildPhase section */
		D06B0CF02533A1890090AA23 /* Resources */ = {
			isa = PBXResourcesBuildPhase;
			buildActionMask = 2147483647;
			files = (
				D06B0D022533A18B0090AA23 /* LaunchScreen.storyboard in Resources */,
				D06B0CFF2533A18B0090AA23 /* Assets.xcassets in Resources */,
				D06B0CFD2533A1890090AA23 /* Main.storyboard in Resources */,
			);
			runOnlyForDeploymentPostprocessing = 0;
		};
		D06B0D062533A18C0090AA23 /* Resources */ = {
			isa = PBXResourcesBuildPhase;
			buildActionMask = 2147483647;
			files = (
			);
			runOnlyForDeploymentPostprocessing = 0;
		};
		D06B0D112533A18C0090AA23 /* Resources */ = {
			isa = PBXResourcesBuildPhase;
			buildActionMask = 2147483647;
			files = (
			);
			runOnlyForDeploymentPostprocessing = 0;
		};
/* End PBXResourcesBuildPhase section */

/* Begin PBXSourcesBuildPhase section */
		D06B0CEE2533A1890090AA23 /* Sources */ = {
			isa = PBXSourcesBuildPhase;
			buildActionMask = 2147483647;
			files = (
				D06B0CFA2533A1890090AA23 /* ViewController.swift in Sources */,
				D06B0CF62533A1890090AA23 /* AppDelegate.swift in Sources */,
				D06B0CF82533A1890090AA23 /* SceneDelegate.swift in Sources */,
			);
			runOnlyForDeploymentPostprocessing = 0;
		};
		D06B0D042533A18C0090AA23 /* Sources */ = {
			isa = PBXSourcesBuildPhase;
			buildActionMask = 2147483647;
			files = (
				D06B0D0D2533A18C0090AA23 /* ElenaTests.swift in Sources */,
			);
			runOnlyForDeploymentPostprocessing = 0;
		};
		D06B0D0F2533A18C0090AA23 /* Sources */ = {
			isa = PBXSourcesBuildPhase;
			buildActionMask = 2147483647;
			files = (
				D06B0D182533A18C0090AA23 /* ElenaUITests.swift in Sources */,
			);
			runOnlyForDeploymentPostprocessing = 0;
		};
/* End PBXSourcesBuildPhase section */

/* Begin PBXTargetDependency section */
		D06B0D0A2533A18C0090AA23 /* PBXTargetDependency */ = {
			isa = PBXTargetDependency;
			target = D06B0CF12533A1890090AA23 /* Elena */;
			targetProxy = D06B0D092533A18C0090AA23 /* PBXContainerItemProxy */;
		};
		D06B0D152533A18C0090AA23 /* PBXTargetDependency */ = {
			isa = PBXTargetDependency;
			target = D06B0CF12533A1890090AA23 /* Elena */;
			targetProxy = D06B0D142533A18C0090AA23 /* PBXContainerItemProxy */;
		};
/* End PBXTargetDependency section */

/* Begin PBXVariantGroup section */
		D06B0CFB2533A1890090AA23 /* Main.storyboard */ = {
			isa = PBXVariantGroup;
			children = (
				D06B0CFC2533A1890090AA23 /* Base */,
			);
			name = Main.storyboard;
			sourceTree = "<group>";
		};
		D06B0D002533A18B0090AA23 /* LaunchScreen.storyboard */ = {
			isa = PBXVariantGroup;
			children = (
				D06B0D012533A18B0090AA23 /* Base */,
			);
			name = LaunchScreen.storyboard;
			sourceTree = "<group>";
		};
/* End PBXVariantGroup section */

/* Begin XCBuildConfiguration section */
		D06B0D1A2533A18C0090AA23 /* Debug */ = {
			isa = XCBuildConfiguration;
			buildSettings = {
				ALWAYS_SEARCH_USER_PATHS = NO;
				CLANG_ANALYZER_NONNULL = YES;
				CLANG_ANALYZER_NUMBER_OBJECT_CONVERSION = YES_AGGRESSIVE;
				CLANG_CXX_LANGUAGE_STANDARD = "gnu++14";
				CLANG_CXX_LIBRARY = "libc++";
				CLANG_ENABLE_MODULES = YES;
				CLANG_ENABLE_OBJC_ARC = YES;
				CLANG_ENABLE_OBJC_WEAK = YES;
				CLANG_WARN_BLOCK_CAPTURE_AUTORELEASING = YES;
				CLANG_WARN_BOOL_CONVERSION = YES;
				CLANG_WARN_COMMA = YES;
				CLANG_WARN_CONSTANT_CONVERSION = YES;
				CLANG_WARN_DEPRECATED_OBJC_IMPLEMENTATIONS = YES;
				CLANG_WARN_DIRECT_OBJC_ISA_USAGE = YES_ERROR;
				CLANG_WARN_DOCUMENTATION_COMMENTS = YES;
				CLANG_WARN_EMPTY_BODY = YES;
				CLANG_WARN_ENUM_CONVERSION = YES;
				CLANG_WARN_INFINITE_RECURSION = YES;
				CLANG_WARN_INT_CONVERSION = YES;
				CLANG_WARN_NON_LITERAL_NULL_CONVERSION = YES;
				CLANG_WARN_OBJC_IMPLICIT_RETAIN_SELF = YES;
				CLANG_WARN_OBJC_LITERAL_CONVERSION = YES;
				CLANG_WARN_OBJC_ROOT_CLASS = YES_ERROR;
				CLANG_WARN_QUOTED_INCLUDE_IN_FRAMEWORK_HEADER = YES;
				CLANG_WARN_RANGE_LOOP_ANALYSIS = YES;
				CLANG_WARN_STRICT_PROTOTYPES = YES;
				CLANG_WARN_SUSPICIOUS_MOVE = YES;
				CLANG_WARN_UNGUARDED_AVAILABILITY = YES_AGGRESSIVE;
				CLANG_WARN_UNREACHABLE_CODE = YES;
				CLANG_WARN__DUPLICATE_METHOD_MATCH = YES;
				COPY_PHASE_STRIP = NO;
				DEBUG_INFORMATION_FORMAT = dwarf;
				ENABLE_STRICT_OBJC_MSGSEND = YES;
				ENABLE_TESTABILITY = YES;
				GCC_C_LANGUAGE_STANDARD = gnu11;
				GCC_DYNAMIC_NO_PIC = NO;
				GCC_NO_COMMON_BLOCKS = YES;
				GCC_OPTIMIZATION_LEVEL = 0;
				GCC_PREPROCESSOR_DEFINITIONS = (
					"DEBUG=1",
					"$(inherited)",
				);
				GCC_WARN_64_TO_32_BIT_CONVERSION = YES;
				GCC_WARN_ABOUT_RETURN_TYPE = YES_ERROR;
				GCC_WARN_UNDECLARED_SELECTOR = YES;
				GCC_WARN_UNINITIALIZED_AUTOS = YES_AGGRESSIVE;
				GCC_WARN_UNUSED_FUNCTION = YES;
				GCC_WARN_UNUSED_VARIABLE = YES;
				IPHONEOS_DEPLOYMENT_TARGET = 14.0;
				MTL_ENABLE_DEBUG_INFO = INCLUDE_SOURCE;
				MTL_FAST_MATH = YES;
				ONLY_ACTIVE_ARCH = YES;
				SDKROOT = iphoneos;
				SWIFT_ACTIVE_COMPILATION_CONDITIONS = DEBUG;
				SWIFT_OPTIMIZATION_LEVEL = "-Onone";
			};
			name = Debug;
		};
		D06B0D1B2533A18C0090AA23 /* Release */ = {
			isa = XCBuildConfiguration;
			buildSettings = {
				ALWAYS_SEARCH_USER_PATHS = NO;
				CLANG_ANALYZER_NONNULL = YES;
				CLANG_ANALYZER_NUMBER_OBJECT_CONVERSION = YES_AGGRESSIVE;
				CLANG_CXX_LANGUAGE_STANDARD = "gnu++14";
				CLANG_CXX_LIBRARY = "libc++";
				CLANG_ENABLE_MODULES = YES;
				CLANG_ENABLE_OBJC_ARC = YES;
				CLANG_ENABLE_OBJC_WEAK = YES;
				CLANG_WARN_BLOCK_CAPTURE_AUTORELEASING = YES;
				CLANG_WARN_BOOL_CONVERSION = YES;
				CLANG_WARN_COMMA = YES;
				CLANG_WARN_CONSTANT_CONVERSION = YES;
				CLANG_WARN_DEPRECATED_OBJC_IMPLEMENTATIONS = YES;
				CLANG_WARN_DIRECT_OBJC_ISA_USAGE = YES_ERROR;
				CLANG_WARN_DOCUMENTATION_COMMENTS = YES;
				CLANG_WARN_EMPTY_BODY = YES;
				CLANG_WARN_ENUM_CONVERSION = YES;
				CLANG_WARN_INFINITE_RECURSION = YES;
				CLANG_WARN_INT_CONVERSION = YES;
				CLANG_WARN_NON_LITERAL_NULL_CONVERSION = YES;
				CLANG_WARN_OBJC_IMPLICIT_RETAIN_SELF = YES;
				CLANG_WARN_OBJC_LITERAL_CONVERSION = YES;
				CLANG_WARN_OBJC_ROOT_CLASS = YES_ERROR;
				CLANG_WARN_QUOTED_INCLUDE_IN_FRAMEWORK_HEADER = YES;
				CLANG_WARN_RANGE_LOOP_ANALYSIS = YES;
				CLANG_WARN_STRICT_PROTOTYPES = YES;
				CLANG_WARN_SUSPICIOUS_MOVE = YES;
				CLANG_WARN_UNGUARDED_AVAILABILITY = YES_AGGRESSIVE;
				CLANG_WARN_UNREACHABLE_CODE = YES;
				CLANG_WARN__DUPLICATE_METHOD_MATCH = YES;
				COPY_PHASE_STRIP = NO;
				DEBUG_INFORMATION_FORMAT = "dwarf-with-dsym";
				ENABLE_NS_ASSERTIONS = NO;
				ENABLE_STRICT_OBJC_MSGSEND = YES;
				GCC_C_LANGUAGE_STANDARD = gnu11;
				GCC_NO_COMMON_BLOCKS = YES;
				GCC_WARN_64_TO_32_BIT_CONVERSION = YES;
				GCC_WARN_ABOUT_RETURN_TYPE = YES_ERROR;
				GCC_WARN_UNDECLARED_SELECTOR = YES;
				GCC_WARN_UNINITIALIZED_AUTOS = YES_AGGRESSIVE;
				GCC_WARN_UNUSED_FUNCTION = YES;
				GCC_WARN_UNUSED_VARIABLE = YES;
				IPHONEOS_DEPLOYMENT_TARGET = 14.0;
				MTL_ENABLE_DEBUG_INFO = NO;
				MTL_FAST_MATH = YES;
				SDKROOT = iphoneos;
				SWIFT_COMPILATION_MODE = wholemodule;
				SWIFT_OPTIMIZATION_LEVEL = "-O";
				VALIDATE_PRODUCT = YES;
			};
			name = Release;
		};
		D06B0D1D2533A18C0090AA23 /* Debug */ = {
			isa = XCBuildConfiguration;
			buildSettings = {
				ASSETCATALOG_COMPILER_APPICON_NAME = AppIcon;
				ASSETCATALOG_COMPILER_GLOBAL_ACCENT_COLOR_NAME = AccentColor;
				CODE_SIGN_STYLE = Automatic;
				DEVELOPMENT_TEAM = 4N252H9C76;
				INFOPLIST_FILE = Elena/Info.plist;
				LD_RUNPATH_SEARCH_PATHS = (
					"$(inherited)",
					"@executable_path/Frameworks",
				);
				PRODUCT_BUNDLE_IDENTIFIER = cs.491.Elena;
				PRODUCT_NAME = "$(TARGET_NAME)";
				SWIFT_VERSION = 5.0;
				TARGETED_DEVICE_FAMILY = "1,2";
			};
			name = Debug;
		};
		D06B0D1E2533A18C0090AA23 /* Release */ = {
			isa = XCBuildConfiguration;
			buildSettings = {
				ASSETCATALOG_COMPILER_APPICON_NAME = AppIcon;
				ASSETCATALOG_COMPILER_GLOBAL_ACCENT_COLOR_NAME = AccentColor;
				CODE_SIGN_STYLE = Automatic;
				DEVELOPMENT_TEAM = 4N252H9C76;
				INFOPLIST_FILE = Elena/Info.plist;
				LD_RUNPATH_SEARCH_PATHS = (
					"$(inherited)",
					"@executable_path/Frameworks",
				);
				PRODUCT_BUNDLE_IDENTIFIER = cs.491.Elena;
				PRODUCT_NAME = "$(TARGET_NAME)";
				SWIFT_VERSION = 5.0;
				TARGETED_DEVICE_FAMILY = "1,2";
			};
			name = Release;
		};
		D06B0D202533A18C0090AA23 /* Debug */ = {
			isa = XCBuildConfiguration;
			buildSettings = {
				ALWAYS_EMBED_SWIFT_STANDARD_LIBRARIES = YES;
				BUNDLE_LOADER = "$(TEST_HOST)";
				CODE_SIGN_STYLE = Automatic;
				DEVELOPMENT_TEAM = 4N252H9C76;
				INFOPLIST_FILE = ElenaTests/Info.plist;
				IPHONEOS_DEPLOYMENT_TARGET = 14.0;
				LD_RUNPATH_SEARCH_PATHS = (
					"$(inherited)",
					"@executable_path/Frameworks",
					"@loader_path/Frameworks",
				);
				PRODUCT_BUNDLE_IDENTIFIER = cs.491.ElenaTests;
				PRODUCT_NAME = "$(TARGET_NAME)";
				SWIFT_VERSION = 5.0;
				TARGETED_DEVICE_FAMILY = "1,2";
				TEST_HOST = "$(BUILT_PRODUCTS_DIR)/Elena.app/Elena";
			};
			name = Debug;
		};
		D06B0D212533A18C0090AA23 /* Release */ = {
			isa = XCBuildConfiguration;
			buildSettings = {
				ALWAYS_EMBED_SWIFT_STANDARD_LIBRARIES = YES;
				BUNDLE_LOADER = "$(TEST_HOST)";
				CODE_SIGN_STYLE = Automatic;
				DEVELOPMENT_TEAM = 4N252H9C76;
				INFOPLIST_FILE = ElenaTests/Info.plist;
				IPHONEOS_DEPLOYMENT_TARGET = 14.0;
				LD_RUNPATH_SEARCH_PATHS = (
					"$(inherited)",
					"@executable_path/Frameworks",
					"@loader_path/Frameworks",
				);
				PRODUCT_BUNDLE_IDENTIFIER = cs.491.ElenaTests;
				PRODUCT_NAME = "$(TARGET_NAME)";
				SWIFT_VERSION = 5.0;
				TARGETED_DEVICE_FAMILY = "1,2";
				TEST_HOST = "$(BUILT_PRODUCTS_DIR)/Elena.app/Elena";
			};
			name = Release;
		};
		D06B0D232533A18C0090AA23 /* Debug */ = {
			isa = XCBuildConfiguration;
			buildSettings = {
				ALWAYS_EMBED_SWIFT_STANDARD_LIBRARIES = YES;
				CODE_SIGN_STYLE = Automatic;
				DEVELOPMENT_TEAM = 4N252H9C76;
				INFOPLIST_FILE = ElenaUITests/Info.plist;
				LD_RUNPATH_SEARCH_PATHS = (
					"$(inherited)",
					"@executable_path/Frameworks",
					"@loader_path/Frameworks",
				);
				PRODUCT_BUNDLE_IDENTIFIER = cs.491.ElenaUITests;
				PRODUCT_NAME = "$(TARGET_NAME)";
				SWIFT_VERSION = 5.0;
				TARGETED_DEVICE_FAMILY = "1,2";
				TEST_TARGET_NAME = Elena;
			};
			name = Debug;
		};
		D06B0D242533A18C0090AA23 /* Release */ = {
			isa = XCBuildConfiguration;
			buildSettings = {
				ALWAYS_EMBED_SWIFT_STANDARD_LIBRARIES = YES;
				CODE_SIGN_STYLE = Automatic;
				DEVELOPMENT_TEAM = 4N252H9C76;
				INFOPLIST_FILE = ElenaUITests/Info.plist;
				LD_RUNPATH_SEARCH_PATHS = (
					"$(inherited)",
					"@executable_path/Frameworks",
					"@loader_path/Frameworks",
				);
				PRODUCT_BUNDLE_IDENTIFIER = cs.491.ElenaUITests;
				PRODUCT_NAME = "$(TARGET_NAME)";
				SWIFT_VERSION = 5.0;
				TARGETED_DEVICE_FAMILY = "1,2";
				TEST_TARGET_NAME = Elena;
			};
			name = Release;
		};
/* End XCBuildConfiguration section */

/* Begin XCConfigurationList section */
		D06B0CED2533A1890090AA23 /* Build configuration list for PBXProject "Elena" */ = {
			isa = XCConfigurationList;
			buildConfigurations = (
				D06B0D1A2533A18C0090AA23 /* Debug */,
				D06B0D1B2533A18C0090AA23 /* Release */,
			);
			defaultConfigurationIsVisible = 0;
			defaultConfigurationName = Release;
		};
		D06B0D1C2533A18C0090AA23 /* Build configuration list for PBXNativeTarget "Elena" */ = {
			isa = XCConfigurationList;
			buildConfigurations = (
				D06B0D1D2533A18C0090AA23 /* Debug */,
				D06B0D1E2533A18C0090AA23 /* Release */,
			);
			defaultConfigurationIsVisible = 0;
			defaultConfigurationName = Release;
		};
		D06B0D1F2533A18C0090AA23 /* Build configuration list for PBXNativeTarget "ElenaTests" */ = {
			isa = XCConfigurationList;
			buildConfigurations = (
				D06B0D202533A18C0090AA23 /* Debug */,
				D06B0D212533A18C0090AA23 /* Release */,
			);
			defaultConfigurationIsVisible = 0;
			defaultConfigurationName = Release;
		};
		D06B0D222533A18C0090AA23 /* Build configuration list for PBXNativeTarget "ElenaUITests" */ = {
			isa = XCConfigurationList;
			buildConfigurations = (
				D06B0D232533A18C0090AA23 /* Debug */,
				D06B0D242533A18C0090AA23 /* Release */,
			);
			defaultConfigurationIsVisible = 0;
			defaultConfigurationName = Release;
		};
/* End XCConfigurationList section */
	};
	rootObject = D06B0CEA2533A1890090AA23 /* Project object */;
}
